
Microsoft Visual Studio Solution File, Format Version 12.00
# Visual Studio Version 16
VisualStudioVersion = 16.0.30320.27
MinimumVisualStudioVersion = 10.0.40219.1
Project("{FAE04EC0-301F-11D3-BF4B-00C04F79EFBC}") = "WebApplication2", "WebApplication2\WebApplication2.csproj", "{DE75E41B-DA3B-4893-A839-178CA1E5B73C}"
EndProject
Global
	GlobalSection(SolutionConfigurationPlatforms) = preSolution
		Debug|Any CPU = Debug|Any CPU
		Release|Any CPU = Release|Any CPU
	EndGlobalSection
	GlobalSection(ProjectConfigurationPlatforms) = postSolution
		{DE75E41B-DA3B-4893-A839-178CA1E5B73C}.Debug|Any CPU.ActiveCfg = Debug|Any CPU
		{DE75E41B-DA3B-4893-A839-178CA1E5B73C}.Debug|Any CPU.Build.0 = Debug|Any CPU
		{DE75E41B-DA3B-4893-A839-178CA1E5B73C}.Release|Any CPU.ActiveCfg = Release|Any CPU
		{DE75E41B-DA3B-4893-A839-178CA1E5B73C}.Release|Any CPU.Build.0 = Release|Any CPU
	EndGlobalSection
	GlobalSection(SolutionProperties) = preSolution
		HideSolutionNode = FALSE
	EndGlobalSection
	GlobalSection(ExtensibilityGlobals) = postSolution
		SolutionGuid = {0298AC37-0D28-4CDC-941F-DC089782AFB3}
	EndGlobalSection
EndGlobal
